
Microsoft Visual Studio Solution File, Format Version 12.00
# Visual Studio 15
VisualStudioVersion = 15.0.28307.421
MinimumVisualStudioVersion = 10.0.40219.1
Project("{9A19103F-16F7-4668-BE54-9A1E7A4F7556}") = "PocoGenerator", "PocoGenerator.csproj", "{B4D07146-AF6B-4CFB-8220-B58722F6C46F}"
EndProject
Global
	GlobalSection(SolutionConfigurationPlatforms) = preSolution
		Debug|Any CPU = Debug|Any CPU
		Release|Any CPU = Release|Any CPU
	EndGlobalSection
	GlobalSection(ProjectConfigurationPlatforms) = postSolution
		{B4D07146-AF6B-4CFB-8220-B58722F6C46F}.Debug|Any CPU.ActiveCfg = Debug|Any CPU
		{B4D07146-AF6B-4CFB-8220-B58722F6C46F}.Debug|Any CPU.Build.0 = Debug|Any CPU
		{B4D07146-AF6B-4CFB-8220-B58722F6C46F}.Release|Any CPU.ActiveCfg = Release|Any CPU
		{B4D07146-AF6B-4CFB-8220-B58722F6C46F}.Release|Any CPU.Build.0 = Release|Any CPU
	EndGlobalSection
	GlobalSection(SolutionProperties) = preSolution
		HideSolutionNode = FALSE
	EndGlobalSection
	GlobalSection(ExtensibilityGlobals) = postSolution
		SolutionGuid = {87B8CDC3-D40F-4B91-9972-658A8B8600E5}
	EndGlobalSection
EndGlobal
